
Microsoft Visual Studio Solution File, Format Version 12.00
# Visual Studio Version 17
VisualStudioVersion = 17.7.34031.279
MinimumVisualStudioVersion = 10.0.40219.1
Project("{8BC9CEB8-8B4A-11D0-8D11-00A0C91BC942}") = "FinalProjectCode", "FinalProjectCode.vcxproj", "{E2819EE8-413F-4C90-B611-841BC98D4639}"
EndProject
Global
	GlobalSection(SolutionConfigurationPlatforms) = preSolution
		Debug|ARM = Debug|ARM
		Debug|ARM64 = Debug|ARM64
		Release|ARM = Release|ARM
		Release|ARM64 = Release|ARM64
	EndGlobalSection
	GlobalSection(ProjectConfigurationPlatforms) = postSolution
		{E2819EE8-413F-4C90-B611-841BC98D4639}.Debug|ARM.ActiveCfg = Debug|ARM
		{E2819EE8-413F-4C90-B611-841BC98D4639}.Debug|ARM.Build.0 = Debug|ARM
		{E2819EE8-413F-4C90-B611-841BC98D4639}.Debug|ARM.Deploy.0 = Debug|ARM
		{E2819EE8-413F-4C90-B611-841BC98D4639}.Debug|ARM64.ActiveCfg = Debug|ARM64
		{E2819EE8-413F-4C90-B611-841BC98D4639}.Debug|ARM64.Build.0 = Debug|ARM64
		{E2819EE8-413F-4C90-B611-841BC98D4639}.Debug|ARM64.Deploy.0 = Debug|ARM64
		{E2819EE8-413F-4C90-B611-841BC98D4639}.Release|ARM.ActiveCfg = Release|ARM
		{E2819EE8-413F-4C90-B611-841BC98D4639}.Release|ARM.Build.0 = Release|ARM
		{E2819EE8-413F-4C90-B611-841BC98D4639}.Release|ARM.Deploy.0 = Release|ARM
		{E2819EE8-413F-4C90-B611-841BC98D4639}.Release|ARM64.ActiveCfg = Release|ARM64
		{E2819EE8-413F-4C90-B611-841BC98D4639}.Release|ARM64.Build.0 = Release|ARM64
		{E2819EE8-413F-4C90-B611-841BC98D4639}.Release|ARM64.Deploy.0 = Release|ARM64
	EndGlobalSection
	GlobalSection(SolutionProperties) = preSolution
		HideSolutionNode = FALSE
	EndGlobalSection
	GlobalSection(ExtensibilityGlobals) = postSolution
		SolutionGuid = {7E58C722-15D8-48A4-95AE-8A5F0FF5FCF1}
	EndGlobalSection
EndGlobal
